
Microsoft Visual Studio Solution File, Format Version 12.00
# Visual Studio Version 17
VisualStudioVersion = 17.4.33213.308
MinimumVisualStudioVersion = 10.0.40219.1
Project("{9A19103F-16F7-4668-BE54-9A1E7A4F7556}") = "ExamenAMR.WebSiite", "ExamenAMR.WebSiite\ExamenAMR.WebSiite.csproj", "{A834A495-AC5F-4489-B721-910D16CEF5F3}"
EndProject
Project("{9A19103F-16F7-4668-BE54-9A1E7A4F7556}") = "ExamenAMR.Service", "ExamenAMR.Service\ExamenAMR.Service.csproj", "{7BACF5F6-8D60-4ACE-94B4-E2E6AA127285}"
EndProject
Global
	GlobalSection(SolutionConfigurationPlatforms) = preSolution
		Debug|Any CPU = Debug|Any CPU
		Release|Any CPU = Release|Any CPU
	EndGlobalSection
	GlobalSection(ProjectConfigurationPlatforms) = postSolution
		{A834A495-AC5F-4489-B721-910D16CEF5F3}.Debug|Any CPU.ActiveCfg = Debug|Any CPU
		{A834A495-AC5F-4489-B721-910D16CEF5F3}.Debug|Any CPU.Build.0 = Debug|Any CPU
		{A834A495-AC5F-4489-B721-910D16CEF5F3}.Release|Any CPU.ActiveCfg = Release|Any CPU
		{A834A495-AC5F-4489-B721-910D16CEF5F3}.Release|Any CPU.Build.0 = Release|Any CPU
		{7BACF5F6-8D60-4ACE-94B4-E2E6AA127285}.Debug|Any CPU.ActiveCfg = Debug|Any CPU
		{7BACF5F6-8D60-4ACE-94B4-E2E6AA127285}.Debug|Any CPU.Build.0 = Debug|Any CPU
		{7BACF5F6-8D60-4ACE-94B4-E2E6AA127285}.Release|Any CPU.ActiveCfg = Release|Any CPU
		{7BACF5F6-8D60-4ACE-94B4-E2E6AA127285}.Release|Any CPU.Build.0 = Release|Any CPU
	EndGlobalSection
	GlobalSection(SolutionProperties) = preSolution
		HideSolutionNode = FALSE
	EndGlobalSection
	GlobalSection(ExtensibilityGlobals) = postSolution
		SolutionGuid = {ED4C9C14-5563-41BB-8FB2-05B7135D9AB6}
	EndGlobalSection
EndGlobal
